# This file is autogenerated, do not edit; changes may be undone by the next 'dep ensure'.


[[projects]]
  branch = "master"
  digest = "1:0503a20c05af88acb169de2308c84d8df06ba94328ddd7a38085ebafe6aedfb7"
  name = "github.com/pingcap/check"
  packages = ["."]
  pruneopts = "UT"
  revision = "1c287c953996ab3a0bf535dba9d53d809d3dc0b6"

[solve-meta]
  analyzer-name = "dep"
  analyzer-version = 1
  input-imports = ["github.com/pingcap/check"]
  solver-name = "gps-cdcl"
  solver-version = 1
